// !$*UTF8*$!
{
	archiveVersion = 1;
	classes = {
	};
	objectVersion = 50;
	objects = {

/* Begin PBXBuildFile section */
		907D75CE262FBDAB007CECB8 /* AppDelegate.swift in Sources */ = {isa = PBXBuildFile; fileRef = 907D75CD262FBDAB007CECB8 /* AppDelegate.swift */; };
		907D75D0262FBDAB007CECB8 /* SceneDelegate.swift in Sources */ = {isa = PBXBuildFile; fileRef = 907D75CF262FBDAB007CECB8 /* SceneDelegate.swift */; };
		907D75D2262FBDAB007CECB8 /* ViewController.swift in Sources */ = {isa = PBXBuildFile; fileRef = 907D75D1262FBDAB007CECB8 /* ViewController.swift */; };
		907D75D5262FBDAB007CECB8 /* Main.storyboard in Resources */ = {isa = PBXBuildFile; fileRef = 907D75D3262FBDAB007CECB8 /* Main.storyboard */; };
		907D75D7262FBDAD007CECB8 /* Assets.xcassets in Resources */ = {isa = PBXBuildFile; fileRef = 907D75D6262FBDAD007CECB8 /* Assets.xcassets */; };
		907D75DA262FBDAD007CECB8 /* LaunchScreen.storyboard in Resources */ = {isa = PBXBuildFile; fileRef = 907D75D8262FBDAD007CECB8 /* LaunchScreen.storyboard */; };
		907D75E5262FBDAD007CECB8 /* University_at_Buffalo_Research_PortalTests.swift in Sources */ = {isa = PBXBuildFile; fileRef = 907D75E4262FBDAD007CECB8 /* University_at_Buffalo_Research_PortalTests.swift */; };
		907D75F0262FBDAD007CECB8 /* University_at_Buffalo_Research_PortalUITests.swift in Sources */ = {isa = PBXBuildFile; fileRef = 907D75EF262FBDAD007CECB8 /* University_at_Buffalo_Research_PortalUITests.swift */; };
/* End PBXBuildFile section */

/* Begin PBXContainerItemProxy section */
		907D75E1262FBDAD007CECB8 /* PBXContainerItemProxy */ = {
			isa = PBXContainerItemProxy;
			containerPortal = 907D75C2262FBDAB007CECB8 /* Project object */;
			proxyType = 1;
			remoteGlobalIDString = 907D75C9262FBDAB007CECB8;
			remoteInfo = "University at Buffalo Research Portal";
		};
		907D75EC262FBDAD007CECB8 /* PBXContainerItemProxy */ = {
			isa = PBXContainerItemProxy;
			containerPortal = 907D75C2262FBDAB007CECB8 /* Project object */;
			proxyType = 1;
			remoteGlobalIDString = 907D75C9262FBDAB007CECB8;
			remoteInfo = "University at Buffalo Research Portal";
		};
/* End PBXContainerItemProxy section */

/* Begin PBXFileReference section */
		907D75CA262FBDAB007CECB8 /* University at Buffalo Research Portal.app */ = {isa = PBXFileReference; explicitFileType = wrapper.application; includeInIndex = 0; path = "University at Buffalo Research Portal.app"; sourceTree = BUILT_PRODUCTS_DIR; };
		907D75CD262FBDAB007CECB8 /* AppDelegate.swift */ = {isa = PBXFileReference; lastKnownFileType = sourcecode.swift; path = AppDelegate.swift; sourceTree = "<group>"; };
		907D75CF262FBDAB007CECB8 /* SceneDelegate.swift */ = {isa = PBXFileReference; lastKnownFileType = sourcecode.swift; path = SceneDelegate.swift; sourceTree = "<group>"; };
		907D75D1262FBDAB007CECB8 /* ViewController.swift */ = {isa = PBXFileReference; lastKnownFileType = sourcecode.swift; path = ViewController.swift; sourceTree = "<group>"; };
		907D75D4262FBDAB007CECB8 /* Base */ = {isa = PBXFileReference; lastKnownFileType = file.storyboard; name = Base; path = Base.lproj/Main.storyboard; sourceTree = "<group>"; };
		907D75D6262FBDAD007CECB8 /* Assets.xcassets */ = {isa = PBXFileReference; lastKnownFileType = folder.assetcatalog; path = Assets.xcassets; sourceTree = "<group>"; };
		907D75D9262FBDAD007CECB8 /* Base */ = {isa = PBXFileReference; lastKnownFileType = file.storyboard; name = Base; path = Base.lproj/LaunchScreen.storyboard; sourceTree = "<group>"; };
		907D75DB262FBDAD007CECB8 /* Info.plist */ = {isa = PBXFileReference; lastKnownFileType = text.plist.xml; path = Info.plist; sourceTree = "<group>"; };
		907D75E0262FBDAD007CECB8 /* University at Buffalo Research PortalTests.xctest */ = {isa = PBXFileReference; explicitFileType = wrapper.cfbundle; includeInIndex = 0; path = "University at Buffalo Research PortalTests.xctest"; sourceTree = BUILT_PRODUCTS_DIR; };
		907D75E4262FBDAD007CECB8 /* University_at_Buffalo_Research_PortalTests.swift */ = {isa = PBXFileReference; lastKnownFileType = sourcecode.swift; path = University_at_Buffalo_Research_PortalTests.swift; sourceTree = "<group>"; };
		907D75E6262FBDAD007CECB8 /* Info.plist */ = {isa = PBXFileReference; lastKnownFileType = text.plist.xml; path = Info.plist; sourceTree = "<group>"; };
		907D75EB262FBDAD007CECB8 /* University at Buffalo Research PortalUITests.xctest */ = {isa = PBXFileReference; explicitFileType = wrapper.cfbundle; includeInIndex = 0; path = "University at Buffalo Research PortalUITests.xctest"; sourceTree = BUILT_PRODUCTS_DIR; };
		907D75EF262FBDAD007CECB8 /* University_at_Buffalo_Research_PortalUITests.swift */ = {isa = PBXFileReference; lastKnownFileType = sourcecode.swift; path = University_at_Buffalo_Research_PortalUITests.swift; sourceTree = "<group>"; };
		907D75F1262FBDAD007CECB8 /* Info.plist */ = {isa = PBXFileReference; lastKnownFileType = text.plist.xml; path = Info.plist; sourceTree = "<group>"; };
/* End PBXFileReference section */

/* Begin PBXFrameworksBuildPhase section */
		907D75C7262FBDAB007CECB8 /* Frameworks */ = {
			isa = PBXFrameworksBuildPhase;
			buildActionMask = 2147483647;
			files = (
			);
			runOnlyForDeploymentPostprocessing = 0;
		};
		907D75DD262FBDAD007CECB8 /* Frameworks */ = {
			isa = PBXFrameworksBuildPhase;
			buildActionMask = 2147483647;
			files = (
			);
			runOnlyForDeploymentPostprocessing = 0;
		};
		907D75E8262FBDAD007CECB8 /* Frameworks */ = {
			isa = PBXFrameworksBuildPhase;
			buildActionMask = 2147483647;
			files = (
			);
			runOnlyForDeploymentPostprocessing = 0;
		};
/* End PBXFrameworksBuildPhase section */

/* Begin PBXGroup section */
		907D75C1262FBDAB007CECB8 = {
			isa = PBXGroup;
			children = (
				907D75CC262FBDAB007CECB8 /* University at Buffalo Research Portal */,
				907D75E3262FBDAD007CECB8 /* University at Buffalo Research PortalTests */,
				907D75EE262FBDAD007CECB8 /* University at Buffalo Research PortalUITests */,
				907D75CB262FBDAB007CECB8 /* Products */,
			);
			sourceTree = "<group>";
		};
		907D75CB262FBDAB007CECB8 /* Products */ = {
			isa = PBXGroup;
			children = (
				907D75CA262FBDAB007CECB8 /* University at Buffalo Research Portal.app */,
				907D75E0262FBDAD007CECB8 /* University at Buffalo Research PortalTests.xctest */,
				907D75EB262FBDAD007CECB8 /* University at Buffalo Research PortalUITests.xctest */,
			);
			name = Products;
			sourceTree = "<group>";
		};
		907D75CC262FBDAB007CECB8 /* University at Buffalo Research Portal */ = {
			isa = PBXGroup;
			children = (
				907D75CD262FBDAB007CECB8 /* AppDelegate.swift */,
				907D75CF262FBDAB007CECB8 /* SceneDelegate.swift */,
				907D75D1262FBDAB007CECB8 /* ViewController.swift */,
				907D75D3262FBDAB007CECB8 /* Main.storyboard */,
				907D75D6262FBDAD007CECB8 /* Assets.xcassets */,
				907D75D8262FBDAD007CECB8 /* LaunchScreen.storyboard */,
				907D75DB262FBDAD007CECB8 /* Info.plist */,
			);
			path = "University at Buffalo Research Portal";
			sourceTree = "<group>";
		};
		907D75E3262FBDAD007CECB8 /* University at Buffalo Research PortalTests */ = {
			isa = PBXGroup;
			children = (
				907D75E4262FBDAD007CECB8 /* University_at_Buffalo_Research_PortalTests.swift */,
				907D75E6262FBDAD007CECB8 /* Info.plist */,
			);
			path = "University at Buffalo Research PortalTests";
			sourceTree = "<group>";
		};
		907D75EE262FBDAD007CECB8 /* University at Buffalo Research PortalUITests */ = {
			isa = PBXGroup;
			children = (
				907D75EF262FBDAD007CECB8 /* University_at_Buffalo_Research_PortalUITests.swift */,
				907D75F1262FBDAD007CECB8 /* Info.plist */,
			);
			path = "University at Buffalo Research PortalUITests";
			sourceTree = "<group>";
		};
/* End PBXGroup section */

/* Begin PBXNativeTarget section */
		907D75C9262FBDAB007CECB8 /* University at Buffalo Research Portal */ = {
			isa = PBXNativeTarget;
			buildConfigurationList = 907D75F4262FBDAD007CECB8 /* Build configuration list for PBXNativeTarget "University at Buffalo Research Portal" */;
			buildPhases = (
				907D75C6262FBDAB007CECB8 /* Sources */,
				907D75C7262FBDAB007CECB8 /* Frameworks */,
				907D75C8262FBDAB007CECB8 /* Resources */,
			);
			buildRules = (
			);
			dependencies = (
			);
			name = "University at Buffalo Research Portal";
			productName = "University at Buffalo Research Portal";
			productReference = 907D75CA262FBDAB007CECB8 /* University at Buffalo Research Portal.app */;
			productType = "com.apple.product-type.application";
		};
		907D75DF262FBDAD007CECB8 /* University at Buffalo Research PortalTests */ = {
			isa = PBXNativeTarget;
			buildConfigurationList = 907D75F7262FBDAD007CECB8 /* Build configuration list for PBXNativeTarget "University at Buffalo Research PortalTests" */;
			buildPhases = (
				907D75DC262FBDAD007CECB8 /* Sources */,
				907D75DD262FBDAD007CECB8 /* Frameworks */,
				907D75DE262FBDAD007CECB8 /* Resources */,
			);
			buildRules = (
			);
			dependencies = (
				907D75E2262FBDAD007CECB8 /* PBXTargetDependency */,
			);
			name = "University at Buffalo Research PortalTests";
			productName = "University at Buffalo Research PortalTests";
			productReference = 907D75E0262FBDAD007CECB8 /* University at Buffalo Research PortalTests.xctest */;
			productType = "com.apple.product-type.bundle.unit-test";
		};
		907D75EA262FBDAD007CECB8 /* University at Buffalo Research PortalUITests */ = {
			isa = PBXNativeTarget;
			buildConfigurationList = 907D75FA262FBDAD007CECB8 /* Build configuration list for PBXNativeTarget "University at Buffalo Research PortalUITests" */;
			buildPhases = (
				907D75E7262FBDAD007CECB8 /* Sources */,
				907D75E8262FBDAD007CECB8 /* Frameworks */,
				907D75E9262FBDAD007CECB8 /* Resources */,
			);
			buildRules = (
			);
			dependencies = (
				907D75ED262FBDAD007CECB8 /* PBXTargetDependency */,
			);
			name = "University at Buffalo Research PortalUITests";
			productName = "University at Buffalo Research PortalUITests";
			productReference = 907D75EB262FBDAD007CECB8 /* University at Buffalo Research PortalUITests.xctest */;
			productType = "com.apple.product-type.bundle.ui-testing";
		};
/* End PBXNativeTarget section */

/* Begin PBXProject section */
		907D75C2262FBDAB007CECB8 /* Project object */ = {
			isa = PBXProject;
			attributes = {
				LastSwiftUpdateCheck = 1240;
				LastUpgradeCheck = 1240;
				TargetAttributes = {
					907D75C9262FBDAB007CECB8 = {
						CreatedOnToolsVersion = 12.4;
					};
					907D75DF262FBDAD007CECB8 = {
						CreatedOnToolsVersion = 12.4;
						TestTargetID = 907D75C9262FBDAB007CECB8;
					};
					907D75EA262FBDAD007CECB8 = {
						CreatedOnToolsVersion = 12.4;
						TestTargetID = 907D75C9262FBDAB007CECB8;
					};
				};
			};
			buildConfigurationList = 907D75C5262FBDAB007CECB8 /* Build configuration list for PBXProject "University at Buffalo Research Portal" */;
			compatibilityVersion = "Xcode 9.3";
			developmentRegion = en;
			hasScannedForEncodings = 0;
			knownRegions = (
				en,
				Base,
			);
			mainGroup = 907D75C1262FBDAB007CECB8;
			productRefGroup = 907D75CB262FBDAB007CECB8 /* Products */;
			projectDirPath = "";
			projectRoot = "";
			targets = (
				907D75C9262FBDAB007CECB8 /* University at Buffalo Research Portal */,
				907D75DF262FBDAD007CECB8 /* University at Buffalo Research PortalTests */,
				907D75EA262FBDAD007CECB8 /* University at Buffalo Research PortalUITests */,
			);
		};
/* End PBXProject section */

/* Begin PBXResourcesBuildPhase section */
		907D75C8262FBDAB007CECB8 /* Resources */ = {
			isa = PBXResourcesBuildPhase;
			buildActionMask = 2147483647;
			files = (
				907D75DA262FBDAD007CECB8 /* LaunchScreen.storyboard in Resources */,
				907D75D7262FBDAD007CECB8 /* Assets.xcassets in Resources */,
				907D75D5262FBDAB007CECB8 /* Main.storyboard in Resources */,
			);
			runOnlyForDeploymentPostprocessing = 0;
		};
		907D75DE262FBDAD007CECB8 /* Resources */ = {
			isa = PBXResourcesBuildPhase;
			buildActionMask = 2147483647;
			files = (
			);
			runOnlyForDeploymentPostprocessing = 0;
		};
		907D75E9262FBDAD007CECB8 /* Resources */ = {
			isa = PBXResourcesBuildPhase;
			buildActionMask = 2147483647;
			files = (
			);
			runOnlyForDeploymentPostprocessing = 0;
		};
/* End PBXResourcesBuildPhase section */

/* Begin PBXSourcesBuildPhase section */
		907D75C6262FBDAB007CECB8 /* Sources */ = {
			isa = PBXSourcesBuildPhase;
			buildActionMask = 2147483647;
			files = (
				907D75D2262FBDAB007CECB8 /* ViewController.swift in Sources */,
				907D75CE262FBDAB007CECB8 /* AppDelegate.swift in Sources */,
				907D75D0262FBDAB007CECB8 /* SceneDelegate.swift in Sources */,
			);
			runOnlyForDeploymentPostprocessing = 0;
		};
		907D75DC262FBDAD007CECB8 /* Sources */ = {
			isa = PBXSourcesBuildPhase;
			buildActionMask = 2147483647;
			files = (
				907D75E5262FBDAD007CECB8 /* University_at_Buffalo_Research_PortalTests.swift in Sources */,
			);
			runOnlyForDeploymentPostprocessing = 0;
		};
		907D75E7262FBDAD007CECB8 /* Sources */ = {
			isa = PBXSourcesBuildPhase;
			buildActionMask = 2147483647;
			files = (
				907D75F0262FBDAD007CECB8 /* University_at_Buffalo_Research_PortalUITests.swift in Sources */,
			);
			runOnlyForDeploymentPostprocessing = 0;
		};
/* End PBXSourcesBuildPhase section */

/* Begin PBXTargetDependency section */
		907D75E2262FBDAD007CECB8 /* PBXTargetDependency */ = {
			isa = PBXTargetDependency;
			target = 907D75C9262FBDAB007CECB8 /* University at Buffalo Research Portal */;
			targetProxy = 907D75E1262FBDAD007CECB8 /* PBXContainerItemProxy */;
		};
		907D75ED262FBDAD007CECB8 /* PBXTargetDependency */ = {
			isa = PBXTargetDependency;
			target = 907D75C9262FBDAB007CECB8 /* University at Buffalo Research Portal */;
			targetProxy = 907D75EC262FBDAD007CECB8 /* PBXContainerItemProxy */;
		};
/* End PBXTargetDependency section */

/* Begin PBXVariantGroup section */
		907D75D3262FBDAB007CECB8 /* Main.storyboard */ = {
			isa = PBXVariantGroup;
			children = (
				907D75D4262FBDAB007CECB8 /* Base */,
			);
			name = Main.storyboard;
			sourceTree = "<group>";
		};
		907D75D8262FBDAD007CECB8 /* LaunchScreen.storyboard */ = {
			isa = PBXVariantGroup;
			children = (
				907D75D9262FBDAD007CECB8 /* Base */,
			);
			name = LaunchScreen.storyboard;
			sourceTree = "<group>";
		};
/* End PBXVariantGroup section */

/* Begin XCBuildConfiguration section */
		907D75F2262FBDAD007CECB8 /* Debug */ = {
			isa = XCBuildConfiguration;
			buildSettings = {
				ALWAYS_SEARCH_USER_PATHS = NO;
				CLANG_ANALYZER_NONNULL = YES;
				CLANG_ANALYZER_NUMBER_OBJECT_CONVERSION = YES_AGGRESSIVE;
				CLANG_CXX_LANGUAGE_STANDARD = "gnu++14";
				CLANG_CXX_LIBRARY = "libc++";
				CLANG_ENABLE_MODULES = YES;
				CLANG_ENABLE_OBJC_ARC = YES;
				CLANG_ENABLE_OBJC_WEAK = YES;
				CLANG_WARN_BLOCK_CAPTURE_AUTORELEASING = YES;
				CLANG_WARN_BOOL_CONVERSION = YES;
				CLANG_WARN_COMMA = YES;
				CLANG_WARN_CONSTANT_CONVERSION = YES;
				CLANG_WARN_DEPRECATED_OBJC_IMPLEMENTATIONS = YES;
				CLANG_WARN_DIRECT_OBJC_ISA_USAGE = YES_ERROR;
				CLANG_WARN_DOCUMENTATION_COMMENTS = YES;
				CLANG_WARN_EMPTY_BODY = YES;
				CLANG_WARN_ENUM_CONVERSION = YES;
				CLANG_WARN_INFINITE_RECURSION = YES;
				CLANG_WARN_INT_CONVERSION = YES;
				CLANG_WARN_NON_LITERAL_NULL_CONVERSION = YES;
				CLANG_WARN_OBJC_IMPLICIT_RETAIN_SELF = YES;
				CLANG_WARN_OBJC_LITERAL_CONVERSION = YES;
				CLANG_WARN_OBJC_ROOT_CLASS = YES_ERROR;
				CLANG_WARN_QUOTED_INCLUDE_IN_FRAMEWORK_HEADER = YES;
				CLANG_WARN_RANGE_LOOP_ANALYSIS = YES;
				CLANG_WARN_STRICT_PROTOTYPES = YES;
				CLANG_WARN_SUSPICIOUS_MOVE = YES;
				CLANG_WARN_UNGUARDED_AVAILABILITY = YES_AGGRESSIVE;
				CLANG_WARN_UNREACHABLE_CODE = YES;
				CLANG_WARN__DUPLICATE_METHOD_MATCH = YES;
				COPY_PHASE_STRIP = NO;
				DEBUG_INFORMATION_FORMAT = dwarf;
				ENABLE_STRICT_OBJC_MSGSEND = YES;
				ENABLE_TESTABILITY = YES;
				GCC_C_LANGUAGE_STANDARD = gnu11;
				GCC_DYNAMIC_NO_PIC = NO;
				GCC_NO_COMMON_BLOCKS = YES;
				GCC_OPTIMIZATION_LEVEL = 0;
				GCC_PREPROCESSOR_DEFINITIONS = (
					"DEBUG=1",
					"$(inherited)",
				);
				GCC_WARN_64_TO_32_BIT_CONVERSION = YES;
				GCC_WARN_ABOUT_RETURN_TYPE = YES_ERROR;
				GCC_WARN_UNDECLARED_SELECTOR = YES;
				GCC_WARN_UNINITIALIZED_AUTOS = YES_AGGRESSIVE;
				GCC_WARN_UNUSED_FUNCTION = YES;
				GCC_WARN_UNUSED_VARIABLE = YES;
				IPHONEOS_DEPLOYMENT_TARGET = 14.4;
				MTL_ENABLE_DEBUG_INFO = INCLUDE_SOURCE;
				MTL_FAST_MATH = YES;
				ONLY_ACTIVE_ARCH = YES;
				SDKROOT = iphoneos;
				SWIFT_ACTIVE_COMPILATION_CONDITIONS = DEBUG;
				SWIFT_OPTIMIZATION_LEVEL = "-Onone";
			};
			name = Debug;
		};
		907D75F3262FBDAD007CECB8 /* Release */ = {
			isa = XCBuildConfiguration;
			buildSettings = {
				ALWAYS_SEARCH_USER_PATHS = NO;
				CLANG_ANALYZER_NONNULL = YES;
				CLANG_ANALYZER_NUMBER_OBJECT_CONVERSION = YES_AGGRESSIVE;
				CLANG_CXX_LANGUAGE_STANDARD = "gnu++14";
				CLANG_CXX_LIBRARY = "libc++";
				CLANG_ENABLE_MODULES = YES;
				CLANG_ENABLE_OBJC_ARC = YES;
				CLANG_ENABLE_OBJC_WEAK = YES;
				CLANG_WARN_BLOCK_CAPTURE_AUTORELEASING = YES;
				CLANG_WARN_BOOL_CONVERSION = YES;
				CLANG_WARN_COMMA = YES;
				CLANG_WARN_CONSTANT_CONVERSION = YES;
				CLANG_WARN_DEPRECATED_OBJC_IMPLEMENTATIONS = YES;
				CLANG_WARN_DIRECT_OBJC_ISA_USAGE = YES_ERROR;
				CLANG_WARN_DOCUMENTATION_COMMENTS = YES;
				CLANG_WARN_EMPTY_BODY = YES;
				CLANG_WARN_ENUM_CONVERSION = YES;
				CLANG_WARN_INFINITE_RECURSION = YES;
				CLANG_WARN_INT_CONVERSION = YES;
				CLANG_WARN_NON_LITERAL_NULL_CONVERSION = YES;
				CLANG_WARN_OBJC_IMPLICIT_RETAIN_SELF = YES;
				CLANG_WARN_OBJC_LITERAL_CONVERSION = YES;
				CLANG_WARN_OBJC_ROOT_CLASS = YES_ERROR;
				CLANG_WARN_QUOTED_INCLUDE_IN_FRAMEWORK_HEADER = YES;
				CLANG_WARN_RANGE_LOOP_ANALYSIS = YES;
				CLANG_WARN_STRICT_PROTOTYPES = YES;
				CLANG_WARN_SUSPICIOUS_MOVE = YES;
				CLANG_WARN_UNGUARDED_AVAILABILITY = YES_AGGRESSIVE;
				CLANG_WARN_UNREACHABLE_CODE = YES;
				CLANG_WARN__DUPLICATE_METHOD_MATCH = YES;
				COPY_PHASE_STRIP = NO;
				DEBUG_INFORMATION_FORMAT = "dwarf-with-dsym";
				ENABLE_NS_ASSERTIONS = NO;
				ENABLE_STRICT_OBJC_MSGSEND = YES;
				GCC_C_LANGUAGE_STANDARD = gnu11;
				GCC_NO_COMMON_BLOCKS = YES;
				GCC_WARN_64_TO_32_BIT_CONVERSION = YES;
				GCC_WARN_ABOUT_RETURN_TYPE = YES_ERROR;
				GCC_WARN_UNDECLARED_SELECTOR = YES;
				GCC_WARN_UNINITIALIZED_AUTOS = YES_AGGRESSIVE;
				GCC_WARN_UNUSED_FUNCTION = YES;
				GCC_WARN_UNUSED_VARIABLE = YES;
				IPHONEOS_DEPLOYMENT_TARGET = 14.4;
				MTL_ENABLE_DEBUG_INFO = NO;
				MTL_FAST_MATH = YES;
				SDKROOT = iphoneos;
				SWIFT_COMPILATION_MODE = wholemodule;
				SWIFT_OPTIMIZATION_LEVEL = "-O";
				VALIDATE_PRODUCT = YES;
			};
			name = Release;
		};
		907D75F5262FBDAD007CECB8 /* Debug */ = {
			isa = XCBuildConfiguration;
			buildSettings = {
				ASSETCATALOG_COMPILER_APPICON_NAME = AppIcon;
				ASSETCATALOG_COMPILER_GLOBAL_ACCENT_COLOR_NAME = AccentColor;
				CODE_SIGN_STYLE = Automatic;
				INFOPLIST_FILE = "University at Buffalo Research Portal/Info.plist";
				LD_RUNPATH_SEARCH_PATHS = (
					"$(inherited)",
					"@executable_path/Frameworks",
				);
				PRODUCT_BUNDLE_IDENTIFIER = "AA.University-at-Buffalo-Research-Portal";
				PRODUCT_NAME = "$(TARGET_NAME)";
				SWIFT_VERSION = 5.0;
				TARGETED_DEVICE_FAMILY = "1,2";
			};
			name = Debug;
		};
		907D75F6262FBDAD007CECB8 /* Release */ = {
			isa = XCBuildConfiguration;
			buildSettings = {
				ASSETCATALOG_COMPILER_APPICON_NAME = AppIcon;
				ASSETCATALOG_COMPILER_GLOBAL_ACCENT_COLOR_NAME = AccentColor;
				CODE_SIGN_STYLE = Automatic;
				INFOPLIST_FILE = "University at Buffalo Research Portal/Info.plist";
				LD_RUNPATH_SEARCH_PATHS = (
					"$(inherited)",
					"@executable_path/Frameworks",
				);
				PRODUCT_BUNDLE_IDENTIFIER = "AA.University-at-Buffalo-Research-Portal";
				PRODUCT_NAME = "$(TARGET_NAME)";
				SWIFT_VERSION = 5.0;
				TARGETED_DEVICE_FAMILY = "1,2";
			};
			name = Release;
		};
		907D75F8262FBDAD007CECB8 /* Debug */ = {
			isa = XCBuildConfiguration;
			buildSettings = {
				ALWAYS_EMBED_SWIFT_STANDARD_LIBRARIES = YES;
				BUNDLE_LOADER = "$(TEST_HOST)";
				CODE_SIGN_STYLE = Automatic;
				INFOPLIST_FILE = "University at Buffalo Research PortalTests/Info.plist";
				IPHONEOS_DEPLOYMENT_TARGET = 14.4;
				LD_RUNPATH_SEARCH_PATHS = (
					"$(inherited)",
					"@executable_path/Frameworks",
					"@loader_path/Frameworks",
				);
				PRODUCT_BUNDLE_IDENTIFIER = "AA.University-at-Buffalo-Research-PortalTests";
				PRODUCT_NAME = "$(TARGET_NAME)";
				SWIFT_VERSION = 5.0;
				TARGETED_DEVICE_FAMILY = "1,2";
				TEST_HOST = "$(BUILT_PRODUCTS_DIR)/University at Buffalo Research Portal.app/University at Buffalo Research Portal";
			};
			name = Debug;
		};
		907D75F9262FBDAD007CECB8 /* Release */ = {
			isa = XCBuildConfiguration;
			buildSettings = {
				ALWAYS_EMBED_SWIFT_STANDARD_LIBRARIES = YES;
				BUNDLE_LOADER = "$(TEST_HOST)";
				CODE_SIGN_STYLE = Automatic;
				INFOPLIST_FILE = "University at Buffalo Research PortalTests/Info.plist";
				IPHONEOS_DEPLOYMENT_TARGET = 14.4;
				LD_RUNPATH_SEARCH_PATHS = (
					"$(inherited)",
					"@executable_path/Frameworks",
					"@loader_path/Frameworks",
				);
				PRODUCT_BUNDLE_IDENTIFIER = "AA.University-at-Buffalo-Research-PortalTests";
				PRODUCT_NAME = "$(TARGET_NAME)";
				SWIFT_VERSION = 5.0;
				TARGETED_DEVICE_FAMILY = "1,2";
				TEST_HOST = "$(BUILT_PRODUCTS_DIR)/University at Buffalo Research Portal.app/University at Buffalo Research Portal";
			};
			name = Release;
		};
		907D75FB262FBDAD007CECB8 /* Debug */ = {
			isa = XCBuildConfiguration;
			buildSettings = {
				ALWAYS_EMBED_SWIFT_STANDARD_LIBRARIES = YES;
				CODE_SIGN_STYLE = Automatic;
				INFOPLIST_FILE = "University at Buffalo Research PortalUITests/Info.plist";
				LD_RUNPATH_SEARCH_PATHS = (
					"$(inherited)",
					"@executable_path/Frameworks",
					"@loader_path/Frameworks",
				);
				PRODUCT_BUNDLE_IDENTIFIER = "AA.University-at-Buffalo-Research-PortalUITests";
				PRODUCT_NAME = "$(TARGET_NAME)";
				SWIFT_VERSION = 5.0;
				TARGETED_DEVICE_FAMILY = "1,2";
				TEST_TARGET_NAME = "University at Buffalo Research Portal";
			};
			name = Debug;
		};
		907D75FC262FBDAD007CECB8 /* Release */ = {
			isa = XCBuildConfiguration;
			buildSettings = {
				ALWAYS_EMBED_SWIFT_STANDARD_LIBRARIES = YES;
				CODE_SIGN_STYLE = Automatic;
				INFOPLIST_FILE = "University at Buffalo Research PortalUITests/Info.plist";
				LD_RUNPATH_SEARCH_PATHS = (
					"$(inherited)",
					"@executable_path/Frameworks",
					"@loader_path/Frameworks",
				);
				PRODUCT_BUNDLE_IDENTIFIER = "AA.University-at-Buffalo-Research-PortalUITests";
				PRODUCT_NAME = "$(TARGET_NAME)";
				SWIFT_VERSION = 5.0;
				TARGETED_DEVICE_FAMILY = "1,2";
				TEST_TARGET_NAME = "University at Buffalo Research Portal";
			};
			name = Release;
		};
/* End XCBuildConfiguration section */

/* Begin XCConfigurationList section */
		907D75C5262FBDAB007CECB8 /* Build configuration list for PBXProject "University at Buffalo Research Portal" */ = {
			isa = XCConfigurationList;
			buildConfigurations = (
				907D75F2262FBDAD007CECB8 /* Debug */,
				907D75F3262FBDAD007CECB8 /* Release */,
			);
			defaultConfigurationIsVisible = 0;
			defaultConfigurationName = Release;
		};
		907D75F4262FBDAD007CECB8 /* Build configuration list for PBXNativeTarget "University at Buffalo Research Portal" */ = {
			isa = XCConfigurationList;
			buildConfigurations = (
				907D75F5262FBDAD007CECB8 /* Debug */,
				907D75F6262FBDAD007CECB8 /* Release */,
			);
			defaultConfigurationIsVisible = 0;
			defaultConfigurationName = Release;
		};
		907D75F7262FBDAD007CECB8 /* Build configuration list for PBXNativeTarget "University at Buffalo Research PortalTests" */ = {
			isa = XCConfigurationList;
			buildConfigurations = (
				907D75F8262FBDAD007CECB8 /* Debug */,
				907D75F9262FBDAD007CECB8 /* Release */,
			);
			defaultConfigurationIsVisible = 0;
			defaultConfigurationName = Release;
		};
		907D75FA262FBDAD007CECB8 /* Build configuration list for PBXNativeTarget "University at Buffalo Research PortalUITests" */ = {
			isa = XCConfigurationList;
			buildConfigurations = (
				907D75FB262FBDAD007CECB8 /* Debug */,
				907D75FC262FBDAD007CECB8 /* Release */,
			);
			defaultConfigurationIsVisible = 0;
			defaultConfigurationName = Release;
		};
/* End XCConfigurationList section */
	};
	rootObject = 907D75C2262FBDAB007CECB8 /* Project object */;
}
